{
  "name": "test-package-raze",
  "version": "1.0.0",
  "lockfileVersion": 1,
  "requires": true,
  "dependencies": {
    "package-test-dylan": {
      "version": "1.0.1",
      "resolved": "https://registry.npmjs.org/package-test-dylan/-/package-test-dylan-1.0.1.tgz",
      "integrity": "sha512-l9LOy1gcVp04VjX5dtW0Ny5AuyocOD2DG8J14sOjP1DaplFayaf/hu++VN05Y/wrXk0aX7+mREDSbnVxIU9jQg==",
      "requires": {
        "slug": "^5.1.1"
      }
    },
    "slug": {
      "version": "5.1.1",
      "resolved": "https://registry.npmjs.org/slug/-/slug-5.1.1.tgz",
      "integrity": "sha512-QPbRRFNK6AMY4ubNCZ/2Wx/JnLO7YQnjEOgA4ptgcyMzL4SjnwkRVp1Kkp7cigF2eP2FNVAhRjBeRkd6wWZzbg=="
    }
  }
}
